// !$*UTF8*$!
{
	archiveVersion = 1;
	classes = {
	};
	objectVersion = 55;
	objects = {

/* Begin PBXBuildFile section */
		2F028A4A03E0B40F98FF07D6 /* Pods_CollectionDemo.framework in Frameworks */ = {isa = PBXBuildFile; fileRef = 003086D92287072020BBED66 /* Pods_CollectionDemo.framework */; };
		6376F8C62811C119005C9A00 /* AppDelegate.swift in Sources */ = {isa = PBXBuildFile; fileRef = 6376F8C52811C119005C9A00 /* AppDelegate.swift */; };
		6376F8C82811C119005C9A00 /* SceneDelegate.swift in Sources */ = {isa = PBXBuildFile; fileRef = 6376F8C72811C119005C9A00 /* SceneDelegate.swift */; };
		6376F8CD2811C119005C9A00 /* Main.storyboard in Resources */ = {isa = PBXBuildFile; fileRef = 6376F8CB2811C119005C9A00 /* Main.storyboard */; };
		6376F8CF2811C11C005C9A00 /* Assets.xcassets in Resources */ = {isa = PBXBuildFile; fileRef = 6376F8CE2811C11C005C9A00 /* Assets.xcassets */; };
		6376F8D22811C11C005C9A00 /* LaunchScreen.storyboard in Resources */ = {isa = PBXBuildFile; fileRef = 6376F8D02811C11C005C9A00 /* LaunchScreen.storyboard */; };
		6376F8DB2811C1C3005C9A00 /* AbstractCoordinator.swift in Sources */ = {isa = PBXBuildFile; fileRef = 6376F8DA2811C1C3005C9A00 /* AbstractCoordinator.swift */; };
		6376F8DE2811C20B005C9A00 /* RootCoordinator.swift in Sources */ = {isa = PBXBuildFile; fileRef = 6376F8DD2811C20B005C9A00 /* RootCoordinator.swift */; };
		6376F8E12811C274005C9A00 /* DependencyFactory.swift in Sources */ = {isa = PBXBuildFile; fileRef = 6376F8E02811C274005C9A00 /* DependencyFactory.swift */; };
		6376F8E32811C2AC005C9A00 /* ProjectCoordinator.swift in Sources */ = {isa = PBXBuildFile; fileRef = 6376F8E22811C2AC005C9A00 /* ProjectCoordinator.swift */; };
		6376F8E62811C34C005C9A00 /* CollectionViewModel.swift in Sources */ = {isa = PBXBuildFile; fileRef = 6376F8E52811C34C005C9A00 /* CollectionViewModel.swift */; };
		6376F8E82811C37E005C9A00 /* CollectionViewController.swift in Sources */ = {isa = PBXBuildFile; fileRef = 6376F8E72811C37E005C9A00 /* CollectionViewController.swift */; };
		6376F8EA2811C39E005C9A00 /* CollectionView.swift in Sources */ = {isa = PBXBuildFile; fileRef = 6376F8E92811C39E005C9A00 /* CollectionView.swift */; };
		6376F8ED2811C541005C9A00 /* CollectionViewItemCell.swift in Sources */ = {isa = PBXBuildFile; fileRef = 6376F8EC2811C541005C9A00 /* CollectionViewItemCell.swift */; };
		6376F8EF2811C566005C9A00 /* CollectionViewItemCell.xib in Resources */ = {isa = PBXBuildFile; fileRef = 6376F8EE2811C566005C9A00 /* CollectionViewItemCell.xib */; };
		6376F8F22811C58D005C9A00 /* LoadingReusableView.swift in Sources */ = {isa = PBXBuildFile; fileRef = 6376F8F12811C58D005C9A00 /* LoadingReusableView.swift */; };
		6376F8F42811C5B3005C9A00 /* LoadingReusableView.xib in Resources */ = {isa = PBXBuildFile; fileRef = 6376F8F32811C5B3005C9A00 /* LoadingReusableView.xib */; };
		6376F8F72811C64C005C9A00 /* HTTPManager.swift in Sources */ = {isa = PBXBuildFile; fileRef = 6376F8F62811C64C005C9A00 /* HTTPManager.swift */; };
		6376F8FA2811C6A5005C9A00 /* Asset.swift in Sources */ = {isa = PBXBuildFile; fileRef = 6376F8F92811C6A5005C9A00 /* Asset.swift */; };
		6376F8FE2811C775005C9A00 /* DetailViewController.swift in Sources */ = {isa = PBXBuildFile; fileRef = 6376F8FD2811C775005C9A00 /* DetailViewController.swift */; };
		6376F9002811C7AE005C9A00 /* DetailViewModel.swift in Sources */ = {isa = PBXBuildFile; fileRef = 6376F8FF2811C7AE005C9A00 /* DetailViewModel.swift */; };
		6376F9022811C7C9005C9A00 /* DetailView.swift in Sources */ = {isa = PBXBuildFile; fileRef = 6376F9012811C7C9005C9A00 /* DetailView.swift */; };
/* End PBXBuildFile section */

/* Begin PBXFileReference section */
		003086D92287072020BBED66 /* Pods_CollectionDemo.framework */ = {isa = PBXFileReference; explicitFileType = wrapper.framework; includeInIndex = 0; path = Pods_CollectionDemo.framework; sourceTree = BUILT_PRODUCTS_DIR; };
		1C440A673AE85D3DF8045296 /* Pods-CollectionDemo.release.xcconfig */ = {isa = PBXFileReference; includeInIndex = 1; lastKnownFileType = text.xcconfig; name = "Pods-CollectionDemo.release.xcconfig"; path = "Target Support Files/Pods-CollectionDemo/Pods-CollectionDemo.release.xcconfig"; sourceTree = "<group>"; };
		6376F8C22811C119005C9A00 /* CollectionDemo.app */ = {isa = PBXFileReference; explicitFileType = wrapper.application; includeInIndex = 0; path = CollectionDemo.app; sourceTree = BUILT_PRODUCTS_DIR; };
		6376F8C52811C119005C9A00 /* AppDelegate.swift */ = {isa = PBXFileReference; lastKnownFileType = sourcecode.swift; path = AppDelegate.swift; sourceTree = "<group>"; };
		6376F8C72811C119005C9A00 /* SceneDelegate.swift */ = {isa = PBXFileReference; lastKnownFileType = sourcecode.swift; path = SceneDelegate.swift; sourceTree = "<group>"; };
		6376F8CC2811C119005C9A00 /* Base */ = {isa = PBXFileReference; lastKnownFileType = file.storyboard; name = Base; path = Base.lproj/Main.storyboard; sourceTree = "<group>"; };
		6376F8CE2811C11C005C9A00 /* Assets.xcassets */ = {isa = PBXFileReference; lastKnownFileType = folder.assetcatalog; path = Assets.xcassets; sourceTree = "<group>"; };
		6376F8D12811C11C005C9A00 /* Base */ = {isa = PBXFileReference; lastKnownFileType = file.storyboard; name = Base; path = Base.lproj/LaunchScreen.storyboard; sourceTree = "<group>"; };
		6376F8D32811C11C005C9A00 /* Info.plist */ = {isa = PBXFileReference; lastKnownFileType = text.plist.xml; path = Info.plist; sourceTree = "<group>"; };
		6376F8DA2811C1C3005C9A00 /* AbstractCoordinator.swift */ = {isa = PBXFileReference; lastKnownFileType = sourcecode.swift; path = AbstractCoordinator.swift; sourceTree = "<group>"; };
		6376F8DD2811C20B005C9A00 /* RootCoordinator.swift */ = {isa = PBXFileReference; lastKnownFileType = sourcecode.swift; path = RootCoordinator.swift; sourceTree = "<group>"; };
		6376F8E02811C274005C9A00 /* DependencyFactory.swift */ = {isa = PBXFileReference; lastKnownFileType = sourcecode.swift; path = DependencyFactory.swift; sourceTree = "<group>"; };
		6376F8E22811C2AC005C9A00 /* ProjectCoordinator.swift */ = {isa = PBXFileReference; lastKnownFileType = sourcecode.swift; path = ProjectCoordinator.swift; sourceTree = "<group>"; };
		6376F8E52811C34C005C9A00 /* CollectionViewModel.swift */ = {isa = PBXFileReference; lastKnownFileType = sourcecode.swift; path = CollectionViewModel.swift; sourceTree = "<group>"; };
		6376F8E72811C37E005C9A00 /* CollectionViewController.swift */ = {isa = PBXFileReference; lastKnownFileType = sourcecode.swift; path = CollectionViewController.swift; sourceTree = "<group>"; };
		6376F8E92811C39E005C9A00 /* CollectionView.swift */ = {isa = PBXFileReference; lastKnownFileType = sourcecode.swift; path = CollectionView.swift; sourceTree = "<group>"; };
		6376F8EC2811C541005C9A00 /* CollectionViewItemCell.swift */ = {isa = PBXFileReference; lastKnownFileType = sourcecode.swift; path = CollectionViewItemCell.swift; sourceTree = "<group>"; };
		6376F8EE2811C566005C9A00 /* CollectionViewItemCell.xib */ = {isa = PBXFileReference; fileEncoding = 4; lastKnownFileType = file.xib; path = CollectionViewItemCell.xib; sourceTree = "<group>"; };
		6376F8F12811C58D005C9A00 /* LoadingReusableView.swift */ = {isa = PBXFileReference; lastKnownFileType = sourcecode.swift; path = LoadingReusableView.swift; sourceTree = "<group>"; };
		6376F8F32811C5B3005C9A00 /* LoadingReusableView.xib */ = {isa = PBXFileReference; fileEncoding = 4; lastKnownFileType = file.xib; path = LoadingReusableView.xib; sourceTree = "<group>"; };
		6376F8F62811C64C005C9A00 /* HTTPManager.swift */ = {isa = PBXFileReference; lastKnownFileType = sourcecode.swift; path = HTTPManager.swift; sourceTree = "<group>"; };
		6376F8F92811C6A5005C9A00 /* Asset.swift */ = {isa = PBXFileReference; lastKnownFileType = sourcecode.swift; path = Asset.swift; sourceTree = "<group>"; };
		6376F8FD2811C775005C9A00 /* DetailViewController.swift */ = {isa = PBXFileReference; lastKnownFileType = sourcecode.swift; path = DetailViewController.swift; sourceTree = "<group>"; };
		6376F8FF2811C7AE005C9A00 /* DetailViewModel.swift */ = {isa = PBXFileReference; lastKnownFileType = sourcecode.swift; path = DetailViewModel.swift; sourceTree = "<group>"; };
		6376F9012811C7C9005C9A00 /* DetailView.swift */ = {isa = PBXFileReference; lastKnownFileType = sourcecode.swift; path = DetailView.swift; sourceTree = "<group>"; };
		B89CCEAB936E2B67ADCA8FFC /* Pods-CollectionDemo.debug.xcconfig */ = {isa = PBXFileReference; includeInIndex = 1; lastKnownFileType = text.xcconfig; name = "Pods-CollectionDemo.debug.xcconfig"; path = "Target Support Files/Pods-CollectionDemo/Pods-CollectionDemo.debug.xcconfig"; sourceTree = "<group>"; };
/* End PBXFileReference section */

/* Begin PBXFrameworksBuildPhase section */
		6376F8BF2811C119005C9A00 /* Frameworks */ = {
			isa = PBXFrameworksBuildPhase;
			buildActionMask = 2147483647;
			files = (
				2F028A4A03E0B40F98FF07D6 /* Pods_CollectionDemo.framework in Frameworks */,
			);
			runOnlyForDeploymentPostprocessing = 0;
		};
/* End PBXFrameworksBuildPhase section */

/* Begin PBXGroup section */
		5289EDA984D299AAF835C381 /* Pods */ = {
			isa = PBXGroup;
			children = (
				B89CCEAB936E2B67ADCA8FFC /* Pods-CollectionDemo.debug.xcconfig */,
				1C440A673AE85D3DF8045296 /* Pods-CollectionDemo.release.xcconfig */,
			);
			path = Pods;
			sourceTree = "<group>";
		};
		6376F8B92811C119005C9A00 = {
			isa = PBXGroup;
			children = (
				6376F8C42811C119005C9A00 /* CollectionDemo */,
				6376F8C32811C119005C9A00 /* Products */,
				5289EDA984D299AAF835C381 /* Pods */,
				FB34691402119F8F2D79C21E /* Frameworks */,
			);
			sourceTree = "<group>";
		};
		6376F8C32811C119005C9A00 /* Products */ = {
			isa = PBXGroup;
			children = (
				6376F8C22811C119005C9A00 /* CollectionDemo.app */,
			);
			name = Products;
			sourceTree = "<group>";
		};
		6376F8C42811C119005C9A00 /* CollectionDemo */ = {
			isa = PBXGroup;
			children = (
				6376F8D92811C17D005C9A00 /* Coordinator */,
				6376F8DF2811C249005C9A00 /* Factory */,
				6376F8F52811C636005C9A00 /* Dependencies */,
				6376F8E42811C323005C9A00 /* Collection */,
				6376F8FB2811C6E0005C9A00 /* Detail */,
				6376F8F82811C692005C9A00 /* Model */,
				6376F8C52811C119005C9A00 /* AppDelegate.swift */,
				6376F8C72811C119005C9A00 /* SceneDelegate.swift */,
				6376F8CB2811C119005C9A00 /* Main.storyboard */,
				6376F8CE2811C11C005C9A00 /* Assets.xcassets */,
				6376F8D02811C11C005C9A00 /* LaunchScreen.storyboard */,
				6376F8D32811C11C005C9A00 /* Info.plist */,
			);
			path = CollectionDemo;
			sourceTree = "<group>";
		};
		6376F8D92811C17D005C9A00 /* Coordinator */ = {
			isa = PBXGroup;
			children = (
				6376F8DC2811C1ED005C9A00 /* Protocol */,
				6376F8DA2811C1C3005C9A00 /* AbstractCoordinator.swift */,
				6376F8E22811C2AC005C9A00 /* ProjectCoordinator.swift */,
			);
			path = Coordinator;
			sourceTree = "<group>";
		};
		6376F8DC2811C1ED005C9A00 /* Protocol */ = {
			isa = PBXGroup;
			children = (
				6376F8DD2811C20B005C9A00 /* RootCoordinator.swift */,
			);
			path = Protocol;
			sourceTree = "<group>";
		};
		6376F8DF2811C249005C9A00 /* Factory */ = {
			isa = PBXGroup;
			children = (
				6376F8E02811C274005C9A00 /* DependencyFactory.swift */,
			);
			path = Factory;
			sourceTree = "<group>";
		};
		6376F8E42811C323005C9A00 /* Collection */ = {
			isa = PBXGroup;
			children = (
				6376F8E72811C37E005C9A00 /* CollectionViewController.swift */,
				6376F8E52811C34C005C9A00 /* CollectionViewModel.swift */,
				6376F8E92811C39E005C9A00 /* CollectionView.swift */,
				6376F8EB2811C52B005C9A00 /* CollectionViewItemCell */,
				6376F8F02811C578005C9A00 /* LoadingReusableView */,
			);
			path = Collection;
			sourceTree = "<group>";
		};
		6376F8EB2811C52B005C9A00 /* CollectionViewItemCell */ = {
			isa = PBXGroup;
			children = (
				6376F8EC2811C541005C9A00 /* CollectionViewItemCell.swift */,
				6376F8EE2811C566005C9A00 /* CollectionViewItemCell.xib */,
			);
			path = CollectionViewItemCell;
			sourceTree = "<group>";
		};
		6376F8F02811C578005C9A00 /* LoadingReusableView */ = {
			isa = PBXGroup;
			children = (
				6376F8F12811C58D005C9A00 /* LoadingReusableView.swift */,
				6376F8F32811C5B3005C9A00 /* LoadingReusableView.xib */,
			);
			path = LoadingReusableView;
			sourceTree = "<group>";
		};
		6376F8F52811C636005C9A00 /* Dependencies */ = {
			isa = PBXGroup;
			children = (
				6376F8F62811C64C005C9A00 /* HTTPManager.swift */,
			);
			path = Dependencies;
			sourceTree = "<group>";
		};
		6376F8F82811C692005C9A00 /* Model */ = {
			isa = PBXGroup;
			children = (
				6376F8F92811C6A5005C9A00 /* Asset.swift */,
			);
			path = Model;
			sourceTree = "<group>";
		};
		6376F8FB2811C6E0005C9A00 /* Detail */ = {
			isa = PBXGroup;
			children = (
				6376F8FD2811C775005C9A00 /* DetailViewController.swift */,
				6376F8FF2811C7AE005C9A00 /* DetailViewModel.swift */,
				6376F9012811C7C9005C9A00 /* DetailView.swift */,
			);
			path = Detail;
			sourceTree = "<group>";
		};
		FB34691402119F8F2D79C21E /* Frameworks */ = {
			isa = PBXGroup;
			children = (
				003086D92287072020BBED66 /* Pods_CollectionDemo.framework */,
			);
			name = Frameworks;
			sourceTree = "<group>";
		};
/* End PBXGroup section */

/* Begin PBXNativeTarget section */
		6376F8C12811C119005C9A00 /* CollectionDemo */ = {
			isa = PBXNativeTarget;
			buildConfigurationList = 6376F8D62811C11C005C9A00 /* Build configuration list for PBXNativeTarget "CollectionDemo" */;
			buildPhases = (
				16322D3F37646CE3545C3B11 /* [CP] Check Pods Manifest.lock */,
				6376F8BE2811C119005C9A00 /* Sources */,
				6376F8BF2811C119005C9A00 /* Frameworks */,
				6376F8C02811C119005C9A00 /* Resources */,
				14135715600A3B9B3B2BDF52 /* [CP] Embed Pods Frameworks */,
			);
			buildRules = (
			);
			dependencies = (
			);
			name = CollectionDemo;
			productName = CollectionDemo;
			productReference = 6376F8C22811C119005C9A00 /* CollectionDemo.app */;
			productType = "com.apple.product-type.application";
		};
/* End PBXNativeTarget section */

/* Begin PBXProject section */
		6376F8BA2811C119005C9A00 /* Project object */ = {
			isa = PBXProject;
			attributes = {
				BuildIndependentTargetsInParallel = 1;
				LastSwiftUpdateCheck = 1320;
				LastUpgradeCheck = 1320;
				TargetAttributes = {
					6376F8C12811C119005C9A00 = {
						CreatedOnToolsVersion = 13.2.1;
					};
				};
			};
			buildConfigurationList = 6376F8BD2811C119005C9A00 /* Build configuration list for PBXProject "CollectionDemo" */;
			compatibilityVersion = "Xcode 13.0";
			developmentRegion = en;
			hasScannedForEncodings = 0;
			knownRegions = (
				en,
				Base,
			);
			mainGroup = 6376F8B92811C119005C9A00;
			productRefGroup = 6376F8C32811C119005C9A00 /* Products */;
			projectDirPath = "";
			projectRoot = "";
			targets = (
				6376F8C12811C119005C9A00 /* CollectionDemo */,
			);
		};
/* End PBXProject section */

/* Begin PBXResourcesBuildPhase section */
		6376F8C02811C119005C9A00 /* Resources */ = {
			isa = PBXResourcesBuildPhase;
			buildActionMask = 2147483647;
			files = (
				6376F8F42811C5B3005C9A00 /* LoadingReusableView.xib in Resources */,
				6376F8D22811C11C005C9A00 /* LaunchScreen.storyboard in Resources */,
				6376F8EF2811C566005C9A00 /* CollectionViewItemCell.xib in Resources */,
				6376F8CF2811C11C005C9A00 /* Assets.xcassets in Resources */,
				6376F8CD2811C119005C9A00 /* Main.storyboard in Resources */,
			);
			runOnlyForDeploymentPostprocessing = 0;
		};
/* End PBXResourcesBuildPhase section */

/* Begin PBXShellScriptBuildPhase section */
		14135715600A3B9B3B2BDF52 /* [CP] Embed Pods Frameworks */ = {
			isa = PBXShellScriptBuildPhase;
			buildActionMask = 2147483647;
			files = (
			);
			inputFileListPaths = (
				"${PODS_ROOT}/Target Support Files/Pods-CollectionDemo/Pods-CollectionDemo-frameworks-${CONFIGURATION}-input-files.xcfilelist",
			);
			name = "[CP] Embed Pods Frameworks";
			outputFileListPaths = (
				"${PODS_ROOT}/Target Support Files/Pods-CollectionDemo/Pods-CollectionDemo-frameworks-${CONFIGURATION}-output-files.xcfilelist",
			);
			runOnlyForDeploymentPostprocessing = 0;
			shellPath = /bin/sh;
			shellScript = "\"${PODS_ROOT}/Target Support Files/Pods-CollectionDemo/Pods-CollectionDemo-frameworks.sh\"\n";
			showEnvVarsInLog = 0;
		};
		16322D3F37646CE3545C3B11 /* [CP] Check Pods Manifest.lock */ = {
			isa = PBXShellScriptBuildPhase;
			buildActionMask = 2147483647;
			files = (
			);
			inputFileListPaths = (
			);
			inputPaths = (
				"${PODS_PODFILE_DIR_PATH}/Podfile.lock",
				"${PODS_ROOT}/Manifest.lock",
			);
			name = "[CP] Check Pods Manifest.lock";
			outputFileListPaths = (
			);
			outputPaths = (
				"$(DERIVED_FILE_DIR)/Pods-CollectionDemo-checkManifestLockResult.txt",
			);
			runOnlyForDeploymentPostprocessing = 0;
			shellPath = /bin/sh;
			shellScript = "diff \"${PODS_PODFILE_DIR_PATH}/Podfile.lock\" \"${PODS_ROOT}/Manifest.lock\" > /dev/null\nif [ $? != 0 ] ; then\n    # print error to STDERR\n    echo \"error: The sandbox is not in sync with the Podfile.lock. Run 'pod install' or update your CocoaPods installation.\" >&2\n    exit 1\nfi\n# This output is used by Xcode 'outputs' to avoid re-running this script phase.\necho \"SUCCESS\" > \"${SCRIPT_OUTPUT_FILE_0}\"\n";
			showEnvVarsInLog = 0;
		};
/* End PBXShellScriptBuildPhase section */

/* Begin PBXSourcesBuildPhase section */
		6376F8BE2811C119005C9A00 /* Sources */ = {
			isa = PBXSourcesBuildPhase;
			buildActionMask = 2147483647;
			files = (
				6376F8DB2811C1C3005C9A00 /* AbstractCoordinator.swift in Sources */,
				6376F8E32811C2AC005C9A00 /* ProjectCoordinator.swift in Sources */,
				6376F9022811C7C9005C9A00 /* DetailView.swift in Sources */,
				6376F8E12811C274005C9A00 /* DependencyFactory.swift in Sources */,
				6376F8EA2811C39E005C9A00 /* CollectionView.swift in Sources */,
				6376F8E82811C37E005C9A00 /* CollectionViewController.swift in Sources */,
				6376F8DE2811C20B005C9A00 /* RootCoordinator.swift in Sources */,
				6376F8C62811C119005C9A00 /* AppDelegate.swift in Sources */,
				6376F8FA2811C6A5005C9A00 /* Asset.swift in Sources */,
				6376F8F22811C58D005C9A00 /* LoadingReusableView.swift in Sources */,
				6376F8F72811C64C005C9A00 /* HTTPManager.swift in Sources */,
				6376F8C82811C119005C9A00 /* SceneDelegate.swift in Sources */,
				6376F8FE2811C775005C9A00 /* DetailViewController.swift in Sources */,
				6376F8ED2811C541005C9A00 /* CollectionViewItemCell.swift in Sources */,
				6376F8E62811C34C005C9A00 /* CollectionViewModel.swift in Sources */,
				6376F9002811C7AE005C9A00 /* DetailViewModel.swift in Sources */,
			);
			runOnlyForDeploymentPostprocessing = 0;
		};
/* End PBXSourcesBuildPhase section */

/* Begin PBXVariantGroup section */
		6376F8CB2811C119005C9A00 /* Main.storyboard */ = {
			isa = PBXVariantGroup;
			children = (
				6376F8CC2811C119005C9A00 /* Base */,
			);
			name = Main.storyboard;
			sourceTree = "<group>";
		};
		6376F8D02811C11C005C9A00 /* LaunchScreen.storyboard */ = {
			isa = PBXVariantGroup;
			children = (
				6376F8D12811C11C005C9A00 /* Base */,
			);
			name = LaunchScreen.storyboard;
			sourceTree = "<group>";
		};
/* End PBXVariantGroup section */

/* Begin XCBuildConfiguration section */
		6376F8D42811C11C005C9A00 /* Debug */ = {
			isa = XCBuildConfiguration;
			buildSettings = {
				ALWAYS_SEARCH_USER_PATHS = NO;
				CLANG_ANALYZER_NONNULL = YES;
				CLANG_ANALYZER_NUMBER_OBJECT_CONVERSION = YES_AGGRESSIVE;
				CLANG_CXX_LANGUAGE_STANDARD = "gnu++17";
				CLANG_CXX_LIBRARY = "libc++";
				CLANG_ENABLE_MODULES = YES;
				CLANG_ENABLE_OBJC_ARC = YES;
				CLANG_ENABLE_OBJC_WEAK = YES;
				CLANG_WARN_BLOCK_CAPTURE_AUTORELEASING = YES;
				CLANG_WARN_BOOL_CONVERSION = YES;
				CLANG_WARN_COMMA = YES;
				CLANG_WARN_CONSTANT_CONVERSION = YES;
				CLANG_WARN_DEPRECATED_OBJC_IMPLEMENTATIONS = YES;
				CLANG_WARN_DIRECT_OBJC_ISA_USAGE = YES_ERROR;
				CLANG_WARN_DOCUMENTATION_COMMENTS = YES;
				CLANG_WARN_EMPTY_BODY = YES;
				CLANG_WARN_ENUM_CONVERSION = YES;
				CLANG_WARN_INFINITE_RECURSION = YES;
				CLANG_WARN_INT_CONVERSION = YES;
				CLANG_WARN_NON_LITERAL_NULL_CONVERSION = YES;
				CLANG_WARN_OBJC_IMPLICIT_RETAIN_SELF = YES;
				CLANG_WARN_OBJC_LITERAL_CONVERSION = YES;
				CLANG_WARN_OBJC_ROOT_CLASS = YES_ERROR;
				CLANG_WARN_QUOTED_INCLUDE_IN_FRAMEWORK_HEADER = YES;
				CLANG_WARN_RANGE_LOOP_ANALYSIS = YES;
				CLANG_WARN_STRICT_PROTOTYPES = YES;
				CLANG_WARN_SUSPICIOUS_MOVE = YES;
				CLANG_WARN_UNGUARDED_AVAILABILITY = YES_AGGRESSIVE;
				CLANG_WARN_UNREACHABLE_CODE = YES;
				CLANG_WARN__DUPLICATE_METHOD_MATCH = YES;
				COPY_PHASE_STRIP = NO;
				DEBUG_INFORMATION_FORMAT = dwarf;
				ENABLE_STRICT_OBJC_MSGSEND = YES;
				ENABLE_TESTABILITY = YES;
				GCC_C_LANGUAGE_STANDARD = gnu11;
				GCC_DYNAMIC_NO_PIC = NO;
				GCC_NO_COMMON_BLOCKS = YES;
				GCC_OPTIMIZATION_LEVEL = 0;
				GCC_PREPROCESSOR_DEFINITIONS = (
					"DEBUG=1",
					"$(inherited)",
				);
				GCC_WARN_64_TO_32_BIT_CONVERSION = YES;
				GCC_WARN_ABOUT_RETURN_TYPE = YES_ERROR;
				GCC_WARN_UNDECLARED_SELECTOR = YES;
				GCC_WARN_UNINITIALIZED_AUTOS = YES_AGGRESSIVE;
				GCC_WARN_UNUSED_FUNCTION = YES;
				GCC_WARN_UNUSED_VARIABLE = YES;
				IPHONEOS_DEPLOYMENT_TARGET = 15.2;
				MTL_ENABLE_DEBUG_INFO = INCLUDE_SOURCE;
				MTL_FAST_MATH = YES;
				ONLY_ACTIVE_ARCH = YES;
				SDKROOT = iphoneos;
				SWIFT_ACTIVE_COMPILATION_CONDITIONS = DEBUG;
				SWIFT_OPTIMIZATION_LEVEL = "-Onone";
			};
			name = Debug;
		};
		6376F8D52811C11C005C9A00 /* Release */ = {
			isa = XCBuildConfiguration;
			buildSettings = {
				ALWAYS_SEARCH_USER_PATHS = NO;
				CLANG_ANALYZER_NONNULL = YES;
				CLANG_ANALYZER_NUMBER_OBJECT_CONVERSION = YES_AGGRESSIVE;
				CLANG_CXX_LANGUAGE_STANDARD = "gnu++17";
				CLANG_CXX_LIBRARY = "libc++";
				CLANG_ENABLE_MODULES = YES;
				CLANG_ENABLE_OBJC_ARC = YES;
				CLANG_ENABLE_OBJC_WEAK = YES;
				CLANG_WARN_BLOCK_CAPTURE_AUTORELEASING = YES;
				CLANG_WARN_BOOL_CONVERSION = YES;
				CLANG_WARN_COMMA = YES;
				CLANG_WARN_CONSTANT_CONVERSION = YES;
				CLANG_WARN_DEPRECATED_OBJC_IMPLEMENTATIONS = YES;
				CLANG_WARN_DIRECT_OBJC_ISA_USAGE = YES_ERROR;
				CLANG_WARN_DOCUMENTATION_COMMENTS = YES;
				CLANG_WARN_EMPTY_BODY = YES;
				CLANG_WARN_ENUM_CONVERSION = YES;
				CLANG_WARN_INFINITE_RECURSION = YES;
				CLANG_WARN_INT_CONVERSION = YES;
				CLANG_WARN_NON_LITERAL_NULL_CONVERSION = YES;
				CLANG_WARN_OBJC_IMPLICIT_RETAIN_SELF = YES;
				CLANG_WARN_OBJC_LITERAL_CONVERSION = YES;
				CLANG_WARN_OBJC_ROOT_CLASS = YES_ERROR;
				CLANG_WARN_QUOTED_INCLUDE_IN_FRAMEWORK_HEADER = YES;
				CLANG_WARN_RANGE_LOOP_ANALYSIS = YES;
				CLANG_WARN_STRICT_PROTOTYPES = YES;
				CLANG_WARN_SUSPICIOUS_MOVE = YES;
				CLANG_WARN_UNGUARDED_AVAILABILITY = YES_AGGRESSIVE;
				CLANG_WARN_UNREACHABLE_CODE = YES;
				CLANG_WARN__DUPLICATE_METHOD_MATCH = YES;
				COPY_PHASE_STRIP = NO;
				DEBUG_INFORMATION_FORMAT = "dwarf-with-dsym";
				ENABLE_NS_ASSERTIONS = NO;
				ENABLE_STRICT_OBJC_MSGSEND = YES;
				GCC_C_LANGUAGE_STANDARD = gnu11;
				GCC_NO_COMMON_BLOCKS = YES;
				GCC_WARN_64_TO_32_BIT_CONVERSION = YES;
				GCC_WARN_ABOUT_RETURN_TYPE = YES_ERROR;
				GCC_WARN_UNDECLARED_SELECTOR = YES;
				GCC_WARN_UNINITIALIZED_AUTOS = YES_AGGRESSIVE;
				GCC_WARN_UNUSED_FUNCTION = YES;
				GCC_WARN_UNUSED_VARIABLE = YES;
				IPHONEOS_DEPLOYMENT_TARGET = 15.2;
				MTL_ENABLE_DEBUG_INFO = NO;
				MTL_FAST_MATH = YES;
				SDKROOT = iphoneos;
				SWIFT_COMPILATION_MODE = wholemodule;
				SWIFT_OPTIMIZATION_LEVEL = "-O";
				VALIDATE_PRODUCT = YES;
			};
			name = Release;
		};
		6376F8D72811C11C005C9A00 /* Debug */ = {
			isa = XCBuildConfiguration;
			baseConfigurationReference = B89CCEAB936E2B67ADCA8FFC /* Pods-CollectionDemo.debug.xcconfig */;
			buildSettings = {
				ASSETCATALOG_COMPILER_APPICON_NAME = AppIcon;
				ASSETCATALOG_COMPILER_GLOBAL_ACCENT_COLOR_NAME = AccentColor;
				CODE_SIGN_STYLE = Automatic;
				CURRENT_PROJECT_VERSION = 1;
				GENERATE_INFOPLIST_FILE = YES;
				INFOPLIST_FILE = CollectionDemo/Info.plist;
				INFOPLIST_KEY_UIApplicationSupportsIndirectInputEvents = YES;
				INFOPLIST_KEY_UILaunchStoryboardName = LaunchScreen;
				INFOPLIST_KEY_UIMainStoryboardFile = Main;
				INFOPLIST_KEY_UISupportedInterfaceOrientations_iPad = "UIInterfaceOrientationPortrait UIInterfaceOrientationPortraitUpsideDown UIInterfaceOrientationLandscapeLeft UIInterfaceOrientationLandscapeRight";
				INFOPLIST_KEY_UISupportedInterfaceOrientations_iPhone = "UIInterfaceOrientationPortrait UIInterfaceOrientationLandscapeLeft UIInterfaceOrientationLandscapeRight";
				LD_RUNPATH_SEARCH_PATHS = (
					"$(inherited)",
					"@executable_path/Frameworks",
				);
				MARKETING_VERSION = 1.0;
				PRODUCT_BUNDLE_IDENTIFIER = ATtest.CollectionDemo;
				PRODUCT_NAME = "$(TARGET_NAME)";
				SWIFT_EMIT_LOC_STRINGS = YES;
				SWIFT_VERSION = 5.0;
				TARGETED_DEVICE_FAMILY = "1,2";
			};
			name = Debug;
		};
		6376F8D82811C11C005C9A00 /* Release */ = {
			isa = XCBuildConfiguration;
			baseConfigurationReference = 1C440A673AE85D3DF8045296 /* Pods-CollectionDemo.release.xcconfig */;
			buildSettings = {
				ASSETCATALOG_COMPILER_APPICON_NAME = AppIcon;
				ASSETCATALOG_COMPILER_GLOBAL_ACCENT_COLOR_NAME = AccentColor;
				CODE_SIGN_STYLE = Automatic;
				CURRENT_PROJECT_VERSION = 1;
				GENERATE_INFOPLIST_FILE = YES;
				INFOPLIST_FILE = CollectionDemo/Info.plist;
				INFOPLIST_KEY_UIApplicationSupportsIndirectInputEvents = YES;
				INFOPLIST_KEY_UILaunchStoryboardName = LaunchScreen;
				INFOPLIST_KEY_UIMainStoryboardFile = Main;
				INFOPLIST_KEY_UISupportedInterfaceOrientations_iPad = "UIInterfaceOrientationPortrait UIInterfaceOrientationPortraitUpsideDown UIInterfaceOrientationLandscapeLeft UIInterfaceOrientationLandscapeRight";
				INFOPLIST_KEY_UISupportedInterfaceOrientations_iPhone = "UIInterfaceOrientationPortrait UIInterfaceOrientationLandscapeLeft UIInterfaceOrientationLandscapeRight";
				LD_RUNPATH_SEARCH_PATHS = (
					"$(inherited)",
					"@executable_path/Frameworks",
				);
				MARKETING_VERSION = 1.0;
				PRODUCT_BUNDLE_IDENTIFIER = ATtest.CollectionDemo;
				PRODUCT_NAME = "$(TARGET_NAME)";
				SWIFT_EMIT_LOC_STRINGS = YES;
				SWIFT_VERSION = 5.0;
				TARGETED_DEVICE_FAMILY = "1,2";
			};
			name = Release;
		};
/* End XCBuildConfiguration section */

/* Begin XCConfigurationList section */
		6376F8BD2811C119005C9A00 /* Build configuration list for PBXProject "CollectionDemo" */ = {
			isa = XCConfigurationList;
			buildConfigurations = (
				6376F8D42811C11C005C9A00 /* Debug */,
				6376F8D52811C11C005C9A00 /* Release */,
			);
			defaultConfigurationIsVisible = 0;
			defaultConfigurationName = Release;
		};
		6376F8D62811C11C005C9A00 /* Build configuration list for PBXNativeTarget "CollectionDemo" */ = {
			isa = XCConfigurationList;
			buildConfigurations = (
				6376F8D72811C11C005C9A00 /* Debug */,
				6376F8D82811C11C005C9A00 /* Release */,
			);
			defaultConfigurationIsVisible = 0;
			defaultConfigurationName = Release;
		};
/* End XCConfigurationList section */
	};
	rootObject = 6376F8BA2811C119005C9A00 /* Project object */;
}
